
Microsoft Visual Studio Solution File, Format Version 12.00
# Visual Studio Version 17
VisualStudioVersion = 17.8.34601.278
MinimumVisualStudioVersion = 10.0.40219.1
Project("{FAE04EC0-301F-11D3-BF4B-00C04F79EFBC}") = "unicode 2", "unicode 2.csproj", "{B4648E6E-F651-4A3C-B4C0-64F10C282EE8}"
EndProject
Global
	GlobalSection(SolutionConfigurationPlatforms) = preSolution
		Debug|Any CPU = Debug|Any CPU
		Release|Any CPU = Release|Any CPU
	EndGlobalSection
	GlobalSection(ProjectConfigurationPlatforms) = postSolution
		{B4648E6E-F651-4A3C-B4C0-64F10C282EE8}.Debug|Any CPU.ActiveCfg = Debug|Any CPU
		{B4648E6E-F651-4A3C-B4C0-64F10C282EE8}.Debug|Any CPU.Build.0 = Debug|Any CPU
		{B4648E6E-F651-4A3C-B4C0-64F10C282EE8}.Release|Any CPU.ActiveCfg = Release|Any CPU
		{B4648E6E-F651-4A3C-B4C0-64F10C282EE8}.Release|Any CPU.Build.0 = Release|Any CPU
	EndGlobalSection
	GlobalSection(SolutionProperties) = preSolution
		HideSolutionNode = FALSE
	EndGlobalSection
	GlobalSection(ExtensibilityGlobals) = postSolution
		SolutionGuid = {06C0A1BA-94F8-4D2C-8D1B-5695D3798B76}
	EndGlobalSection
EndGlobal
